// !$*UTF8*$!
{
	archiveVersion = 1;
	classes = {
	};
	objectVersion = 46;
	objects = {

/* Begin PBXBuildFile section */
		F41DC1E016A74B310072D95D /* UIKit.framework in Frameworks */ = {isa = PBXBuildFile; fileRef = F41DC1DF16A74B310072D95D /* UIKit.framework */; };
		F41DC1E216A74B310072D95D /* Foundation.framework in Frameworks */ = {isa = PBXBuildFile; fileRef = F41DC1E116A74B310072D95D /* Foundation.framework */; };
		F41DC1E416A74B310072D95D /* CoreGraphics.framework in Frameworks */ = {isa = PBXBuildFile; fileRef = F41DC1E316A74B310072D95D /* CoreGraphics.framework */; };
		F41DC1EA16A74B310072D95D /* InfoPlist.strings in Resources */ = {isa = PBXBuildFile; fileRef = F41DC1E816A74B310072D95D /* InfoPlist.strings */; };
		F41DC1EC16A74B310072D95D /* main.m in Sources */ = {isa = PBXBuildFile; fileRef = F41DC1EB16A74B310072D95D /* main.m */; };
		F41DC1F016A74B310072D95D /* AppDelegate.m in Sources */ = {isa = PBXBuildFile; fileRef = F41DC1EF16A74B310072D95D /* AppDelegate.m */; };
		F41DC1F216A74B310072D95D /* Default.png in Resources */ = {isa = PBXBuildFile; fileRef = F41DC1F116A74B310072D95D /* Default.png */; };
		F41DC1F416A74B310072D95D /* Default@2x.png in Resources */ = {isa = PBXBuildFile; fileRef = F41DC1F316A74B310072D95D /* Default@2x.png */; };
		F41DC1F616A74B310072D95D /* Default-568h@2x.png in Resources */ = {isa = PBXBuildFile; fileRef = F41DC1F516A74B310072D95D /* Default-568h@2x.png */; };
		F41DC1F916A74B310072D95D /* MainStoryboard.storyboard in Resources */ = {isa = PBXBuildFile; fileRef = F41DC1F716A74B310072D95D /* MainStoryboard.storyboard */; };
		F41DC1FC16A74B310072D95D /* ViewController.m in Sources */ = {isa = PBXBuildFile; fileRef = F41DC1FB16A74B310072D95D /* ViewController.m */; };
/* End PBXBuildFile section */

/* Begin PBXFileReference section */
		F41DC1DB16A74B310072D95D /* projectTwo.app */ = {isa = PBXFileReference; explicitFileType = wrapper.application; includeInIndex = 0; path = projectTwo.app; sourceTree = BUILT_PRODUCTS_DIR; };
		F41DC1DF16A74B310072D95D /* UIKit.framework */ = {isa = PBXFileReference; lastKnownFileType = wrapper.framework; name = UIKit.framework; path = System/Library/Frameworks/UIKit.framework; sourceTree = SDKROOT; };
		F41DC1E116A74B310072D95D /* Foundation.framework */ = {isa = PBXFileReference; lastKnownFileType = wrapper.framework; name = Foundation.framework; path = System/Library/Frameworks/Foundation.framework; sourceTree = SDKROOT; };
		F41DC1E316A74B310072D95D /* CoreGraphics.framework */ = {isa = PBXFileReference; lastKnownFileType = wrapper.framework; name = CoreGraphics.framework; path = System/Library/Frameworks/CoreGraphics.framework; sourceTree = SDKROOT; };
		F41DC1E716A74B310072D95D /* projectTwo-Info.plist */ = {isa = PBXFileReference; lastKnownFileType = text.plist.xml; path = "projectTwo-Info.plist"; sourceTree = "<group>"; };
		F41DC1E916A74B310072D95D /* en */ = {isa = PBXFileReference; lastKnownFileType = text.plist.strings; name = en; path = en.lproj/InfoPlist.strings; sourceTree = "<group>"; };
		F41DC1EB16A74B310072D95D /* main.m */ = {isa = PBXFileReference; lastKnownFileType = sourcecode.c.objc; path = main.m; sourceTree = "<group>"; };
		F41DC1ED16A74B310072D95D /* projectTwo-Prefix.pch */ = {isa = PBXFileReference; lastKnownFileType = sourcecode.c.h; path = "projectTwo-Prefix.pch"; sourceTree = "<group>"; };
		F41DC1EE16A74B310072D95D /* AppDelegate.h */ = {isa = PBXFileReference; lastKnownFileType = sourcecode.c.h; path = AppDelegate.h; sourceTree = "<group>"; };
		F41DC1EF16A74B310072D95D /* AppDelegate.m */ = {isa = PBXFileReference; lastKnownFileType = sourcecode.c.objc; path = AppDelegate.m; sourceTree = "<group>"; };
		F41DC1F116A74B310072D95D /* Default.png */ = {isa = PBXFileReference; lastKnownFileType = image.png; path = Default.png; sourceTree = "<group>"; };
		F41DC1F316A74B310072D95D /* Default@2x.png */ = {isa = PBXFileReference; lastKnownFileType = image.png; path = "Default@2x.png"; sourceTree = "<group>"; };
		F41DC1F516A74B310072D95D /* Default-568h@2x.png */ = {isa = PBXFileReference; lastKnownFileType = image.png; path = "Default-568h@2x.png"; sourceTree = "<group>"; };
		F41DC1F816A74B310072D95D /* en */ = {isa = PBXFileReference; lastKnownFileType = file.storyboard; name = en; path = en.lproj/MainStoryboard.storyboard; sourceTree = "<group>"; };
		F41DC1FA16A74B310072D95D /* ViewController.h */ = {isa = PBXFileReference; lastKnownFileType = sourcecode.c.h; path = ViewController.h; sourceTree = "<group>"; };
		F41DC1FB16A74B310072D95D /* ViewController.m */ = {isa = PBXFileReference; lastKnownFileType = sourcecode.c.objc; path = ViewController.m; sourceTree = "<group>"; };
/* End PBXFileReference section */

/* Begin PBXFrameworksBuildPhase section */
		F41DC1D816A74B310072D95D /* Frameworks */ = {
			isa = PBXFrameworksBuildPhase;
			buildActionMask = 2147483647;
			files = (
				F41DC1E016A74B310072D95D /* UIKit.framework in Frameworks */,
				F41DC1E216A74B310072D95D /* Foundation.framework in Frameworks */,
				F41DC1E416A74B310072D95D /* CoreGraphics.framework in Frameworks */,
			);
			runOnlyForDeploymentPostprocessing = 0;
		};
/* End PBXFrameworksBuildPhase section */

/* Begin PBXGroup section */
		F41DC1D016A74B310072D95D = {
			isa = PBXGroup;
			children = (
				F41DC1E516A74B310072D95D /* projectTwo */,
				F41DC1DE16A74B310072D95D /* Frameworks */,
				F41DC1DC16A74B310072D95D /* Products */,
			);
			sourceTree = "<group>";
		};
		F41DC1DC16A74B310072D95D /* Products */ = {
			isa = PBXGroup;
			children = (
				F41DC1DB16A74B310072D95D /* projectTwo.app */,
			);
			name = Products;
			sourceTree = "<group>";
		};
		F41DC1DE16A74B310072D95D /* Frameworks */ = {
			isa = PBXGroup;
			children = (
				F41DC1DF16A74B310072D95D /* UIKit.framework */,
				F41DC1E116A74B310072D95D /* Foundation.framework */,
				F41DC1E316A74B310072D95D /* CoreGraphics.framework */,
			);
			name = Frameworks;
			sourceTree = "<group>";
		};
		F41DC1E516A74B310072D95D /* projectTwo */ = {
			isa = PBXGroup;
			children = (
				F41DC1EE16A74B310072D95D /* AppDelegate.h */,
				F41DC1EF16A74B310072D95D /* AppDelegate.m */,
				F41DC1F716A74B310072D95D /* MainStoryboard.storyboard */,
				F41DC1FA16A74B310072D95D /* ViewController.h */,
				F41DC1FB16A74B310072D95D /* ViewController.m */,
				F41DC1E616A74B310072D95D /* Supporting Files */,
			);
			path = projectTwo;
			sourceTree = "<group>";
		};
		F41DC1E616A74B310072D95D /* Supporting Files */ = {
			isa = PBXGroup;
			children = (
				F41DC1E716A74B310072D95D /* projectTwo-Info.plist */,
				F41DC1E816A74B310072D95D /* InfoPlist.strings */,
				F41DC1EB16A74B310072D95D /* main.m */,
				F41DC1ED16A74B310072D95D /* projectTwo-Prefix.pch */,
				F41DC1F116A74B310072D95D /* Default.png */,
				F41DC1F316A74B310072D95D /* Default@2x.png */,
				F41DC1F516A74B310072D95D /* Default-568h@2x.png */,
			);
			name = "Supporting Files";
			sourceTree = "<group>";
		};
/* End PBXGroup section */

/* Begin PBXNativeTarget section */
		F41DC1DA16A74B310072D95D /* projectTwo */ = {
			isa = PBXNativeTarget;
			buildConfigurationList = F41DC1FF16A74B310072D95D /* Build configuration list for PBXNativeTarget "projectTwo" */;
			buildPhases = (
				F41DC1D716A74B310072D95D /* Sources */,
				F41DC1D816A74B310072D95D /* Frameworks */,
				F41DC1D916A74B310072D95D /* Resources */,
			);
			buildRules = (
			);
			dependencies = (
			);
			name = projectTwo;
			productName = projectTwo;
			productReference = F41DC1DB16A74B310072D95D /* projectTwo.app */;
			productType = "com.apple.product-type.application";
		};
/* End PBXNativeTarget section */

/* Begin PBXProject section */
		F41DC1D216A74B310072D95D /* Project object */ = {
			isa = PBXProject;
			attributes = {
				LastUpgradeCheck = 0450;
				ORGANIZATIONNAME = "Devona Ward";
			};
			buildConfigurationList = F41DC1D516A74B310072D95D /* Build configuration list for PBXProject "projectTwo" */;
			compatibilityVersion = "Xcode 3.2";
			developmentRegion = English;
			hasScannedForEncodings = 0;
			knownRegions = (
				en,
			);
			mainGroup = F41DC1D016A74B310072D95D;
			productRefGroup = F41DC1DC16A74B310072D95D /* Products */;
			projectDirPath = "";
			projectRoot = "";
			targets = (
				F41DC1DA16A74B310072D95D /* projectTwo */,
			);
		};
/* End PBXProject section */

/* Begin PBXResourcesBuildPhase section */
		F41DC1D916A74B310072D95D /* Resources */ = {
			isa = PBXResourcesBuildPhase;
			buildActionMask = 2147483647;
			files = (
				F41DC1EA16A74B310072D95D /* InfoPlist.strings in Resources */,
				F41DC1F216A74B310072D95D /* Default.png in Resources */,
				F41DC1F416A74B310072D95D /* Default@2x.png in Resources */,
				F41DC1F616A74B310072D95D /* Default-568h@2x.png in Resources */,
				F41DC1F916A74B310072D95D /* MainStoryboard.storyboard in Resources */,
			);
			runOnlyForDeploymentPostprocessing = 0;
		};
/* End PBXResourcesBuildPhase section */

/* Begin PBXSourcesBuildPhase section */
		F41DC1D716A74B310072D95D /* Sources */ = {
			isa = PBXSourcesBuildPhase;
			buildActionMask = 2147483647;
			files = (
				F41DC1EC16A74B310072D95D /* main.m in Sources */,
				F41DC1F016A74B310072D95D /* AppDelegate.m in Sources */,
				F41DC1FC16A74B310072D95D /* ViewController.m in Sources */,
			);
			runOnlyForDeploymentPostprocessing = 0;
		};
/* End PBXSourcesBuildPhase section */

/* Begin PBXVariantGroup section */
		F41DC1E816A74B310072D95D /* InfoPlist.strings */ = {
			isa = PBXVariantGroup;
			children = (
				F41DC1E916A74B310072D95D /* en */,
			);
			name = InfoPlist.strings;
			sourceTree = "<group>";
		};
		F41DC1F716A74B310072D95D /* MainStoryboard.storyboard */ = {
			isa = PBXVariantGroup;
			children = (
				F41DC1F816A74B310072D95D /* en */,
			);
			name = MainStoryboard.storyboard;
			sourceTree = "<group>";
		};
/* End PBXVariantGroup section */

/* Begin XCBuildConfiguration section */
		F41DC1FD16A74B310072D95D /* Debug */ = {
			isa = XCBuildConfiguration;
			buildSettings = {
				ALWAYS_SEARCH_USER_PATHS = NO;
				CLANG_CXX_LANGUAGE_STANDARD = "gnu++0x";
				CLANG_CXX_LIBRARY = "libc++";
				CLANG_WARN_EMPTY_BODY = YES;
				CLANG_WARN__DUPLICATE_METHOD_MATCH = YES;
				"CODE_SIGN_IDENTITY[sdk=iphoneos*]" = "iPhone Developer";
				COPY_PHASE_STRIP = NO;
				GCC_C_LANGUAGE_STANDARD = gnu99;
				GCC_DYNAMIC_NO_PIC = NO;
				GCC_OPTIMIZATION_LEVEL = 0;
				GCC_PREPROCESSOR_DEFINITIONS = (
					"DEBUG=1",
					"$(inherited)",
				);
				GCC_SYMBOLS_PRIVATE_EXTERN = NO;
				GCC_WARN_ABOUT_RETURN_TYPE = YES;
				GCC_WARN_UNINITIALIZED_AUTOS = YES;
				GCC_WARN_UNUSED_VARIABLE = YES;
				IPHONEOS_DEPLOYMENT_TARGET = 6.0;
				ONLY_ACTIVE_ARCH = YES;
				SDKROOT = iphoneos;
			};
			name = Debug;
		};
		F41DC1FE16A74B310072D95D /* Release */ = {
			isa = XCBuildConfiguration;
			buildSettings = {
				ALWAYS_SEARCH_USER_PATHS = NO;
				CLANG_CXX_LANGUAGE_STANDARD = "gnu++0x";
				CLANG_CXX_LIBRARY = "libc++";
				CLANG_WARN_EMPTY_BODY = YES;
				CLANG_WARN__DUPLICATE_METHOD_MATCH = YES;
				"CODE_SIGN_IDENTITY[sdk=iphoneos*]" = "iPhone Developer";
				COPY_PHASE_STRIP = YES;
				GCC_C_LANGUAGE_STANDARD = gnu99;
				GCC_WARN_ABOUT_RETURN_TYPE = YES;
				GCC_WARN_UNINITIALIZED_AUTOS = YES;
				GCC_WARN_UNUSED_VARIABLE = YES;
				IPHONEOS_DEPLOYMENT_TARGET = 6.0;
				OTHER_CFLAGS = "-DNS_BLOCK_ASSERTIONS=1";
				SDKROOT = iphoneos;
				VALIDATE_PRODUCT = YES;
			};
			name = Release;
		};
		F41DC20016A74B310072D95D /* Debug */ = {
			isa = XCBuildConfiguration;
			buildSettings = {
				GCC_PRECOMPILE_PREFIX_HEADER = YES;
				GCC_PREFIX_HEADER = "projectTwo/projectTwo-Prefix.pch";
				INFOPLIST_FILE = "projectTwo/projectTwo-Info.plist";
				PRODUCT_NAME = "$(TARGET_NAME)";
				WRAPPER_EXTENSION = app;
			};
			name = Debug;
		};
		F41DC20116A74B310072D95D /* Release */ = {
			isa = XCBuildConfiguration;
			buildSettings = {
				GCC_PRECOMPILE_PREFIX_HEADER = YES;
				GCC_PREFIX_HEADER = "projectTwo/projectTwo-Prefix.pch";
				INFOPLIST_FILE = "projectTwo/projectTwo-Info.plist";
				PRODUCT_NAME = "$(TARGET_NAME)";
				WRAPPER_EXTENSION = app;
			};
			name = Release;
		};
/* End XCBuildConfiguration section */

/* Begin XCConfigurationList section */
		F41DC1D516A74B310072D95D /* Build configuration list for PBXProject "projectTwo" */ = {
			isa = XCConfigurationList;
			buildConfigurations = (
				F41DC1FD16A74B310072D95D /* Debug */,
				F41DC1FE16A74B310072D95D /* Release */,
			);
			defaultConfigurationIsVisible = 0;
			defaultConfigurationName = Release;
		};
		F41DC1FF16A74B310072D95D /* Build configuration list for PBXNativeTarget "projectTwo" */ = {
			isa = XCConfigurationList;
			buildConfigurations = (
				F41DC20016A74B310072D95D /* Debug */,
				F41DC20116A74B310072D95D /* Release */,
			);
			defaultConfigurationIsVisible = 0;
		};
/* End XCConfigurationList section */
	};
	rootObject = F41DC1D216A74B310072D95D /* Project object */;
}
